
Microsoft Visual Studio Solution File, Format Version 12.00
# Visual Studio Version 16
VisualStudioVersion = 16.0.30413.136
MinimumVisualStudioVersion = 10.0.40219.1
Project("{FAE04EC0-301F-11D3-BF4B-00C04F79EFBC}") = "XO_Game", "XO_Game\XO_Game.csproj", "{7ACA2BC7-57F2-41CE-9BB4-7A8F3EAFEB24}"
EndProject
Global
	GlobalSection(SolutionConfigurationPlatforms) = preSolution
		Debug|Any CPU = Debug|Any CPU
		Release|Any CPU = Release|Any CPU
	EndGlobalSection
	GlobalSection(ProjectConfigurationPlatforms) = postSolution
		{7ACA2BC7-57F2-41CE-9BB4-7A8F3EAFEB24}.Debug|Any CPU.ActiveCfg = Debug|Any CPU
		{7ACA2BC7-57F2-41CE-9BB4-7A8F3EAFEB24}.Debug|Any CPU.Build.0 = Debug|Any CPU
		{7ACA2BC7-57F2-41CE-9BB4-7A8F3EAFEB24}.Release|Any CPU.ActiveCfg = Release|Any CPU
		{7ACA2BC7-57F2-41CE-9BB4-7A8F3EAFEB24}.Release|Any CPU.Build.0 = Release|Any CPU
	EndGlobalSection
	GlobalSection(SolutionProperties) = preSolution
		HideSolutionNode = FALSE
	EndGlobalSection
	GlobalSection(ExtensibilityGlobals) = postSolution
		SolutionGuid = {461C2F64-2833-47B8-A35C-D57C72570910}
	EndGlobalSection
EndGlobal
